%{"certifi": {:hex, :certifi, "1.2.1", "c3904f192bd5284e5b13f20db3ceac9626e14eeacfbb492e19583cf0e37b22be", [:rebar3], []},
  "earmark": {:hex, :earmark, "1.0.3", "89bdbaf2aca8bbb5c97d8b3b55c5dd0cff517ecc78d417e87f1d0982e514557b", [:mix], []},
  "ex_doc": {:hex, :ex_doc, "0.14.5", "c0433c8117e948404d93ca69411dd575ec6be39b47802e81ca8d91017a0cf83c", [:mix], [{:earmark, "~> 1.0", [hex: :earmark, optional: false]}]},
  "exjsx": {:hex, :exjsx, "3.2.1", "1bc5bf1e4fd249104178f0885030bcd75a4526f4d2a1e976f4b428d347614f0f", [:mix], [{:jsx, "~> 2.8.0", [hex: :jsx, optional: false]}]},
  "hackney": {:hex, :hackney, "1.8.4", "f4d66065366cbfb51c4e231f6c75c39a14d62457a259d3819c41306bb5533b29", [:rebar3], [{:certifi, "1.2.1", [hex: :certifi, optional: false]}, {:idna, "5.0.2", [hex: :idna, optional: false]}, {:metrics, "1.0.1", [hex: :metrics, optional: false]}, {:mimerl, "1.0.2", [hex: :mimerl, optional: false]}, {:ssl_verify_fun, "1.1.1", [hex: :ssl_verify_fun, optional: false]}]},
  "idna": {:hex, :idna, "5.0.2", "ac203208ada855d95dc591a764b6e87259cb0e2a364218f215ad662daa8cd6b4", [:rebar3], [{:unicode_util_compat, "0.2.0", [hex: :unicode_util_compat, optional: false]}]},
  "jsx": {:hex, :jsx, "2.8.1", "1453b4eb3615acb3e2cd0a105d27e6761e2ed2e501ac0b390f5bbec497669846", [:mix, :rebar3], []},
  "meck": {:hex, :meck, "0.8.4", "59ca1cd971372aa223138efcf9b29475bde299e1953046a0c727184790ab1520", [:make, :rebar], []},
  "metrics": {:hex, :metrics, "1.0.1", "25f094dea2cda98213cecc3aeff09e940299d950904393b2a29d191c346a8486", [:rebar3], []},
  "mimerl": {:hex, :mimerl, "1.0.2", "993f9b0e084083405ed8252b99460c4f0563e41729ab42d9074fd5e52439be88", [:rebar3], []},
  "mock": {:hex, :mock, "0.2.1", "bfdba786903e77f9c18772dee472d020ceb8ef000783e737725a4c8f54ad28ec", [:mix], [{:meck, "~> 0.8.2", [hex: :meck, optional: false]}]},
  "ssl_verify_fun": {:hex, :ssl_verify_fun, "1.1.1", "28a4d65b7f59893bc2c7de786dec1e1555bd742d336043fe644ae956c3497fbe", [:make, :rebar], []},
  "unicode_util_compat": {:hex, :unicode_util_compat, "0.2.0", "dbbccf6781821b1c0701845eaf966c9b6d83d7c3bfc65ca2b78b88b8678bfa35", [:rebar3], []}}
